
Microsoft Visual Studio Solution File, Format Version 12.00
# Visual Studio Version 16
VisualStudioVersion = 16.0.30804.86
MinimumVisualStudioVersion = 10.0.40219.1
Project("{FAE04EC0-301F-11D3-BF4B-00C04F79EFBC}") = "MasterISS-Partner-WebSite", "MasterISS-Partner-WebSite\MasterISS-Partner-WebSite.csproj", "{2747BFED-5CEF-433A-8AE0-A7C261C5AA46}"
EndProject
Project("{FAE04EC0-301F-11D3-BF4B-00C04F79EFBC}") = "MasterISS-Partner-WebSite-WebServices", "MasterISS-Partner-WebSite-WebServices\MasterISS-Partner-WebSite-WebServices.csproj", "{6DBF8347-D6B1-4F53-9B8D-EC27536D3AB9}"
EndProject
Global
	GlobalSection(SolutionConfigurationPlatforms) = preSolution
		Debug|Any CPU = Debug|Any CPU
		Release|Any CPU = Release|Any CPU
	EndGlobalSection
	GlobalSection(ProjectConfigurationPlatforms) = postSolution
		{2747BFED-5CEF-433A-8AE0-A7C261C5AA46}.Debug|Any CPU.ActiveCfg = Debug|Any CPU
		{2747BFED-5CEF-433A-8AE0-A7C261C5AA46}.Debug|Any CPU.Build.0 = Debug|Any CPU
		{2747BFED-5CEF-433A-8AE0-A7C261C5AA46}.Release|Any CPU.ActiveCfg = Release|Any CPU
		{2747BFED-5CEF-433A-8AE0-A7C261C5AA46}.Release|Any CPU.Build.0 = Release|Any CPU
		{6DBF8347-D6B1-4F53-9B8D-EC27536D3AB9}.Debug|Any CPU.ActiveCfg = Debug|Any CPU
		{6DBF8347-D6B1-4F53-9B8D-EC27536D3AB9}.Debug|Any CPU.Build.0 = Debug|Any CPU
		{6DBF8347-D6B1-4F53-9B8D-EC27536D3AB9}.Release|Any CPU.ActiveCfg = Release|Any CPU
		{6DBF8347-D6B1-4F53-9B8D-EC27536D3AB9}.Release|Any CPU.Build.0 = Release|Any CPU
	EndGlobalSection
	GlobalSection(SolutionProperties) = preSolution
		HideSolutionNode = FALSE
	EndGlobalSection
	GlobalSection(ExtensibilityGlobals) = postSolution
		SolutionGuid = {D905D116-FF16-4AAB-A66E-DDB6A6842115}
	EndGlobalSection
EndGlobal
